
Microsoft Visual Studio Solution File, Format Version 12.00
# Visual Studio Version 17
VisualStudioVersion = 17.14.36616.10 d17.14
MinimumVisualStudioVersion = 10.0.40219.1
Project("{FAE04EC0-301F-11D3-BF4B-00C04F79EFBC}") = "02_CRUD", "02_CRUD.csproj", "{46B9C873-13F3-463F-89FD-BF3A2814B48C}"
EndProject
Global
	GlobalSection(SolutionConfigurationPlatforms) = preSolution
		Debug|Any CPU = Debug|Any CPU
		Release|Any CPU = Release|Any CPU
	EndGlobalSection
	GlobalSection(ProjectConfigurationPlatforms) = postSolution
		{46B9C873-13F3-463F-89FD-BF3A2814B48C}.Debug|Any CPU.ActiveCfg = Debug|Any CPU
		{46B9C873-13F3-463F-89FD-BF3A2814B48C}.Debug|Any CPU.Build.0 = Debug|Any CPU
		{46B9C873-13F3-463F-89FD-BF3A2814B48C}.Release|Any CPU.ActiveCfg = Release|Any CPU
		{46B9C873-13F3-463F-89FD-BF3A2814B48C}.Release|Any CPU.Build.0 = Release|Any CPU
	EndGlobalSection
	GlobalSection(SolutionProperties) = preSolution
		HideSolutionNode = FALSE
	EndGlobalSection
	GlobalSection(ExtensibilityGlobals) = postSolution
		SolutionGuid = {DA5265BE-04AB-4FDD-87B7-5014446C3425}
	EndGlobalSection
EndGlobal
